
Microsoft Visual Studio Solution File, Format Version 12.00
# Visual Studio Version 17
VisualStudioVersion = 17.5.2.0
MinimumVisualStudioVersion = 10.0.40219.1
Project("{FAE04EC0-301F-11D3-BF4B-00C04F79EFBC}") = "STYS", "backend\\STYS.csproj", "{CD57A41B-573C-801B-7002-7D9872C1CEF6}"
EndProject
Project("{2150E333-8FDC-42A3-9474-1A3956D46DE8}") = "platform", "platform", "{E54149B9-7F22-367F-9CC5-FD829E3AA07B}"
EndProject
Project("{FAE04EC0-301F-11D3-BF4B-00C04F79EFBC}") = "TOD.Platform.SharedKernel", "platform\TOD.Platform.SharedKernel\TOD.Platform.SharedKernel.csproj", "{21FDD127-0741-496B-9C6B-8DD957F8BD67}"
EndProject
Project("{FAE04EC0-301F-11D3-BF4B-00C04F79EFBC}") = "TOD.Platform.AspNetCore", "platform\TOD.Platform.AspNetCore\TOD.Platform.AspNetCore.csproj", "{2CB6271B-5CBB-4604-896A-0D930D74966F}"
EndProject
Project("{FAE04EC0-301F-11D3-BF4B-00C04F79EFBC}") = "TOD.Platform.Persistence.Rdbms", "platform\TOD.Platform.Persistence.Rdbms\TOD.Platform.Persistence.Rdbms.csproj", "{FB01EAD3-72BD-45AB-9B2C-3B3E076B1ADD}"
EndProject
Project("{FAE04EC0-301F-11D3-BF4B-00C04F79EFBC}") = "TOD.Platform.Security", "platform\TOD.Platform.Security\TOD.Platform.Security.csproj", "{725F230F-948A-4BFE-AFF2-138DB5173D69}"
EndProject
Project("{FAE04EC0-301F-11D3-BF4B-00C04F79EFBC}") = "TOD.Platform.Identity", "platform\TOD.Platform.Identity\TOD.Platform.Identity.csproj", "{DFB6151F-6BDE-4C5F-8E01-A966086FD168}"
EndProject
Project("{2150E333-8FDC-42A3-9474-1A3956D46DE8}") = "tests", "tests", "{0AB3BF05-4346-4AA6-1389-037BE0695223}"
EndProject
Project("{FAE04EC0-301F-11D3-BF4B-00C04F79EFBC}") = "STYS.Tests", "tests\STYS.Tests\STYS.Tests.csproj", "{ECD94B2B-955D-4A48-AB2E-DD3AEED71716}"
EndProject
Global
	GlobalSection(SolutionConfigurationPlatforms) = preSolution
		Debug|Any CPU = Debug|Any CPU
		Debug|x64 = Debug|x64
		Debug|x86 = Debug|x86
		Release|Any CPU = Release|Any CPU
		Release|x64 = Release|x64
		Release|x86 = Release|x86
	EndGlobalSection
	GlobalSection(ProjectConfigurationPlatforms) = postSolution
		{CD57A41B-573C-801B-7002-7D9872C1CEF6}.Debug|Any CPU.ActiveCfg = Debug|Any CPU
		{CD57A41B-573C-801B-7002-7D9872C1CEF6}.Debug|Any CPU.Build.0 = Debug|Any CPU
		{CD57A41B-573C-801B-7002-7D9872C1CEF6}.Debug|x64.ActiveCfg = Debug|Any CPU
		{CD57A41B-573C-801B-7002-7D9872C1CEF6}.Debug|x64.Build.0 = Debug|Any CPU
		{CD57A41B-573C-801B-7002-7D9872C1CEF6}.Debug|x86.ActiveCfg = Debug|Any CPU
		{CD57A41B-573C-801B-7002-7D9872C1CEF6}.Debug|x86.Build.0 = Debug|Any CPU
		{CD57A41B-573C-801B-7002-7D9872C1CEF6}.Release|Any CPU.ActiveCfg = Release|Any CPU
		{CD57A41B-573C-801B-7002-7D9872C1CEF6}.Release|Any CPU.Build.0 = Release|Any CPU
		{CD57A41B-573C-801B-7002-7D9872C1CEF6}.Release|x64.ActiveCfg = Release|Any CPU
		{CD57A41B-573C-801B-7002-7D9872C1CEF6}.Release|x64.Build.0 = Release|Any CPU
		{CD57A41B-573C-801B-7002-7D9872C1CEF6}.Release|x86.ActiveCfg = Release|Any CPU
		{CD57A41B-573C-801B-7002-7D9872C1CEF6}.Release|x86.Build.0 = Release|Any CPU
		{21FDD127-0741-496B-9C6B-8DD957F8BD67}.Debug|Any CPU.ActiveCfg = Debug|Any CPU
		{21FDD127-0741-496B-9C6B-8DD957F8BD67}.Debug|Any CPU.Build.0 = Debug|Any CPU
		{21FDD127-0741-496B-9C6B-8DD957F8BD67}.Debug|x64.ActiveCfg = Debug|Any CPU
		{21FDD127-0741-496B-9C6B-8DD957F8BD67}.Debug|x64.Build.0 = Debug|Any CPU
		{21FDD127-0741-496B-9C6B-8DD957F8BD67}.Debug|x86.ActiveCfg = Debug|Any CPU
		{21FDD127-0741-496B-9C6B-8DD957F8BD67}.Debug|x86.Build.0 = Debug|Any CPU
		{21FDD127-0741-496B-9C6B-8DD957F8BD67}.Release|Any CPU.ActiveCfg = Release|Any CPU
		{21FDD127-0741-496B-9C6B-8DD957F8BD67}.Release|Any CPU.Build.0 = Release|Any CPU
		{21FDD127-0741-496B-9C6B-8DD957F8BD67}.Release|x64.ActiveCfg = Release|Any CPU
		{21FDD127-0741-496B-9C6B-8DD957F8BD67}.Release|x64.Build.0 = Release|Any CPU
		{21FDD127-0741-496B-9C6B-8DD957F8BD67}.Release|x86.ActiveCfg = Release|Any CPU
		{21FDD127-0741-496B-9C6B-8DD957F8BD67}.Release|x86.Build.0 = Release|Any CPU
		{2CB6271B-5CBB-4604-896A-0D930D74966F}.Debug|Any CPU.ActiveCfg = Debug|Any CPU
		{2CB6271B-5CBB-4604-896A-0D930D74966F}.Debug|Any CPU.Build.0 = Debug|Any CPU
		{2CB6271B-5CBB-4604-896A-0D930D74966F}.Debug|x64.ActiveCfg = Debug|Any CPU
		{2CB6271B-5CBB-4604-896A-0D930D74966F}.Debug|x64.Build.0 = Debug|Any CPU
		{2CB6271B-5CBB-4604-896A-0D930D74966F}.Debug|x86.ActiveCfg = Debug|Any CPU
		{2CB6271B-5CBB-4604-896A-0D930D74966F}.Debug|x86.Build.0 = Debug|Any CPU
		{2CB6271B-5CBB-4604-896A-0D930D74966F}.Release|Any CPU.ActiveCfg = Release|Any CPU
		{2CB6271B-5CBB-4604-896A-0D930D74966F}.Release|Any CPU.Build.0 = Release|Any CPU
		{2CB6271B-5CBB-4604-896A-0D930D74966F}.Release|x64.ActiveCfg = Release|Any CPU
		{2CB6271B-5CBB-4604-896A-0D930D74966F}.Release|x64.Build.0 = Release|Any CPU
		{2CB6271B-5CBB-4604-896A-0D930D74966F}.Release|x86.ActiveCfg = Release|Any CPU
		{2CB6271B-5CBB-4604-896A-0D930D74966F}.Release|x86.Build.0 = Release|Any CPU
		{FB01EAD3-72BD-45AB-9B2C-3B3E076B1ADD}.Debug|Any CPU.ActiveCfg = Debug|Any CPU
		{FB01EAD3-72BD-45AB-9B2C-3B3E076B1ADD}.Debug|Any CPU.Build.0 = Debug|Any CPU
		{FB01EAD3-72BD-45AB-9B2C-3B3E076B1ADD}.Debug|x64.ActiveCfg = Debug|Any CPU
		{FB01EAD3-72BD-45AB-9B2C-3B3E076B1ADD}.Debug|x64.Build.0 = Debug|Any CPU
		{FB01EAD3-72BD-45AB-9B2C-3B3E076B1ADD}.Debug|x86.ActiveCfg = Debug|Any CPU
		{FB01EAD3-72BD-45AB-9B2C-3B3E076B1ADD}.Debug|x86.Build.0 = Debug|Any CPU
		{FB01EAD3-72BD-45AB-9B2C-3B3E076B1ADD}.Release|Any CPU.ActiveCfg = Release|Any CPU
		{FB01EAD3-72BD-45AB-9B2C-3B3E076B1ADD}.Release|Any CPU.Build.0 = Release|Any CPU
		{FB01EAD3-72BD-45AB-9B2C-3B3E076B1ADD}.Release|x64.ActiveCfg = Release|Any CPU
		{FB01EAD3-72BD-45AB-9B2C-3B3E076B1ADD}.Release|x64.Build.0 = Release|Any CPU
		{FB01EAD3-72BD-45AB-9B2C-3B3E076B1ADD}.Release|x86.ActiveCfg = Release|Any CPU
		{FB01EAD3-72BD-45AB-9B2C-3B3E076B1ADD}.Release|x86.Build.0 = Release|Any CPU
		{725F230F-948A-4BFE-AFF2-138DB5173D69}.Debug|Any CPU.ActiveCfg = Debug|Any CPU
		{725F230F-948A-4BFE-AFF2-138DB5173D69}.Debug|Any CPU.Build.0 = Debug|Any CPU
		{725F230F-948A-4BFE-AFF2-138DB5173D69}.Debug|x64.ActiveCfg = Debug|Any CPU
		{725F230F-948A-4BFE-AFF2-138DB5173D69}.Debug|x64.Build.0 = Debug|Any CPU
		{725F230F-948A-4BFE-AFF2-138DB5173D69}.Debug|x86.ActiveCfg = Debug|Any CPU
		{725F230F-948A-4BFE-AFF2-138DB5173D69}.Debug|x86.Build.0 = Debug|Any CPU
		{725F230F-948A-4BFE-AFF2-138DB5173D69}.Release|Any CPU.ActiveCfg = Release|Any CPU
		{725F230F-948A-4BFE-AFF2-138DB5173D69}.Release|Any CPU.Build.0 = Release|Any CPU
		{725F230F-948A-4BFE-AFF2-138DB5173D69}.Release|x64.ActiveCfg = Release|Any CPU
		{725F230F-948A-4BFE-AFF2-138DB5173D69}.Release|x64.Build.0 = Release|Any CPU
		{725F230F-948A-4BFE-AFF2-138DB5173D69}.Release|x86.ActiveCfg = Release|Any CPU
		{725F230F-948A-4BFE-AFF2-138DB5173D69}.Release|x86.Build.0 = Release|Any CPU
		{DFB6151F-6BDE-4C5F-8E01-A966086FD168}.Debug|Any CPU.ActiveCfg = Debug|Any CPU
		{DFB6151F-6BDE-4C5F-8E01-A966086FD168}.Debug|Any CPU.Build.0 = Debug|Any CPU
		{DFB6151F-6BDE-4C5F-8E01-A966086FD168}.Debug|x64.ActiveCfg = Debug|Any CPU
		{DFB6151F-6BDE-4C5F-8E01-A966086FD168}.Debug|x64.Build.0 = Debug|Any CPU
		{DFB6151F-6BDE-4C5F-8E01-A966086FD168}.Debug|x86.ActiveCfg = Debug|Any CPU
		{DFB6151F-6BDE-4C5F-8E01-A966086FD168}.Debug|x86.Build.0 = Debug|Any CPU
		{DFB6151F-6BDE-4C5F-8E01-A966086FD168}.Release|Any CPU.ActiveCfg = Release|Any CPU
		{DFB6151F-6BDE-4C5F-8E01-A966086FD168}.Release|Any CPU.Build.0 = Release|Any CPU
		{DFB6151F-6BDE-4C5F-8E01-A966086FD168}.Release|x64.ActiveCfg = Release|Any CPU
		{DFB6151F-6BDE-4C5F-8E01-A966086FD168}.Release|x64.Build.0 = Release|Any CPU
		{DFB6151F-6BDE-4C5F-8E01-A966086FD168}.Release|x86.ActiveCfg = Release|Any CPU
		{DFB6151F-6BDE-4C5F-8E01-A966086FD168}.Release|x86.Build.0 = Release|Any CPU
		{ECD94B2B-955D-4A48-AB2E-DD3AEED71716}.Debug|Any CPU.ActiveCfg = Debug|Any CPU
		{ECD94B2B-955D-4A48-AB2E-DD3AEED71716}.Debug|Any CPU.Build.0 = Debug|Any CPU
		{ECD94B2B-955D-4A48-AB2E-DD3AEED71716}.Debug|x64.ActiveCfg = Debug|Any CPU
		{ECD94B2B-955D-4A48-AB2E-DD3AEED71716}.Debug|x64.Build.0 = Debug|Any CPU
		{ECD94B2B-955D-4A48-AB2E-DD3AEED71716}.Debug|x86.ActiveCfg = Debug|Any CPU
		{ECD94B2B-955D-4A48-AB2E-DD3AEED71716}.Debug|x86.Build.0 = Debug|Any CPU
		{ECD94B2B-955D-4A48-AB2E-DD3AEED71716}.Release|Any CPU.ActiveCfg = Release|Any CPU
		{ECD94B2B-955D-4A48-AB2E-DD3AEED71716}.Release|Any CPU.Build.0 = Release|Any CPU
		{ECD94B2B-955D-4A48-AB2E-DD3AEED71716}.Release|x64.ActiveCfg = Release|Any CPU
		{ECD94B2B-955D-4A48-AB2E-DD3AEED71716}.Release|x64.Build.0 = Release|Any CPU
		{ECD94B2B-955D-4A48-AB2E-DD3AEED71716}.Release|x86.ActiveCfg = Release|Any CPU
		{ECD94B2B-955D-4A48-AB2E-DD3AEED71716}.Release|x86.Build.0 = Release|Any CPU
	EndGlobalSection
	GlobalSection(SolutionProperties) = preSolution
		HideSolutionNode = FALSE
	EndGlobalSection
	GlobalSection(NestedProjects) = preSolution
		{21FDD127-0741-496B-9C6B-8DD957F8BD67} = {E54149B9-7F22-367F-9CC5-FD829E3AA07B}
		{2CB6271B-5CBB-4604-896A-0D930D74966F} = {E54149B9-7F22-367F-9CC5-FD829E3AA07B}
		{FB01EAD3-72BD-45AB-9B2C-3B3E076B1ADD} = {E54149B9-7F22-367F-9CC5-FD829E3AA07B}
		{725F230F-948A-4BFE-AFF2-138DB5173D69} = {E54149B9-7F22-367F-9CC5-FD829E3AA07B}
		{DFB6151F-6BDE-4C5F-8E01-A966086FD168} = {E54149B9-7F22-367F-9CC5-FD829E3AA07B}
		{ECD94B2B-955D-4A48-AB2E-DD3AEED71716} = {0AB3BF05-4346-4AA6-1389-037BE0695223}
	EndGlobalSection
	GlobalSection(ExtensibilityGlobals) = postSolution
		SolutionGuid = {693B50AF-E74F-494C-9B81-93B237C623B3}
	EndGlobalSection
EndGlobal
